
Microsoft Visual Studio Solution File, Format Version 12.00
# Visual Studio 15
VisualStudioVersion = 15.0.27703.2000
MinimumVisualStudioVersion = 10.0.40219.1
Project("{8BC9CEB8-8B4A-11D0-8D11-00A0C91BC942}") = "6", "6\6.vcxproj", "{D167DC65-5DFE-4D73-A7C1-A5A64AA16350}"
EndProject
Global
	GlobalSection(SolutionConfigurationPlatforms) = preSolution
		Debug|x64 = Debug|x64
		Debug|x86 = Debug|x86
		Release|x64 = Release|x64
		Release|x86 = Release|x86
	EndGlobalSection
	GlobalSection(ProjectConfigurationPlatforms) = postSolution
		{D167DC65-5DFE-4D73-A7C1-A5A64AA16350}.Debug|x64.ActiveCfg = Debug|x64
		{D167DC65-5DFE-4D73-A7C1-A5A64AA16350}.Debug|x64.Build.0 = Debug|x64
		{D167DC65-5DFE-4D73-A7C1-A5A64AA16350}.Debug|x86.ActiveCfg = Debug|Win32
		{D167DC65-5DFE-4D73-A7C1-A5A64AA16350}.Debug|x86.Build.0 = Debug|Win32
		{D167DC65-5DFE-4D73-A7C1-A5A64AA16350}.Release|x64.ActiveCfg = Release|x64
		{D167DC65-5DFE-4D73-A7C1-A5A64AA16350}.Release|x64.Build.0 = Release|x64
		{D167DC65-5DFE-4D73-A7C1-A5A64AA16350}.Release|x86.ActiveCfg = Release|Win32
		{D167DC65-5DFE-4D73-A7C1-A5A64AA16350}.Release|x86.Build.0 = Release|Win32
	EndGlobalSection
	GlobalSection(SolutionProperties) = preSolution
		HideSolutionNode = FALSE
	EndGlobalSection
	GlobalSection(ExtensibilityGlobals) = postSolution
		SolutionGuid = {8D3F311C-855B-4DC6-B2A6-33B4089BE9CC}
	EndGlobalSection
EndGlobal
